
Microsoft Visual Studio Solution File, Format Version 12.00
# Visual Studio Version 17
VisualStudioVersion = 17.5.33627.172
MinimumVisualStudioVersion = 10.0.40219.1
Project("{FAE04EC0-301F-11D3-BF4B-00C04F79EFBC}") = "ReviewAppWebApi", "ReviewAppWebApi\ReviewAppWebApi.csproj", "{C0F99EB6-F463-4559-A726-D0611A1D617A}"
EndProject
Project("{2150E333-8FDC-42A3-9474-1A3956D46DE8}") = "Solution Items", "Solution Items", "{89A89380-2CEE-44B6-B2CA-EF98723B0E1D}"
	ProjectSection(SolutionItems) = preProject
		Readme.md = Readme.md
	EndProjectSection
EndProject
Global
	GlobalSection(SolutionConfigurationPlatforms) = preSolution
		Debug|Any CPU = Debug|Any CPU
		Release|Any CPU = Release|Any CPU
	EndGlobalSection
	GlobalSection(ProjectConfigurationPlatforms) = postSolution
		{C0F99EB6-F463-4559-A726-D0611A1D617A}.Debug|Any CPU.ActiveCfg = Debug|Any CPU
		{C0F99EB6-F463-4559-A726-D0611A1D617A}.Debug|Any CPU.Build.0 = Debug|Any CPU
		{C0F99EB6-F463-4559-A726-D0611A1D617A}.Release|Any CPU.ActiveCfg = Release|Any CPU
		{C0F99EB6-F463-4559-A726-D0611A1D617A}.Release|Any CPU.Build.0 = Release|Any CPU
	EndGlobalSection
	GlobalSection(SolutionProperties) = preSolution
		HideSolutionNode = FALSE
	EndGlobalSection
	GlobalSection(ExtensibilityGlobals) = postSolution
		SolutionGuid = {84935CF8-1B8A-44E4-A4F5-3B912F8761C0}
	EndGlobalSection
EndGlobal
